
Microsoft Visual Studio Solution File, Format Version 12.00
# Visual Studio Version 17
VisualStudioVersion = 17.11.35327.3
MinimumVisualStudioVersion = 10.0.40219.1
Project("{FAE04EC0-301F-11D3-BF4B-00C04F79EFBC}") = "EclipseTatuaje", "EclipseTatuaje\EclipseTatuaje.csproj", "{CA9EAE79-AD19-423F-BCC6-50C8D2AE2599}"
EndProject
Global
	GlobalSection(SolutionConfigurationPlatforms) = preSolution
		Debug|Any CPU = Debug|Any CPU
		Release|Any CPU = Release|Any CPU
	EndGlobalSection
	GlobalSection(ProjectConfigurationPlatforms) = postSolution
		{CA9EAE79-AD19-423F-BCC6-50C8D2AE2599}.Debug|Any CPU.ActiveCfg = Debug|Any CPU
		{CA9EAE79-AD19-423F-BCC6-50C8D2AE2599}.Debug|Any CPU.Build.0 = Debug|Any CPU
		{CA9EAE79-AD19-423F-BCC6-50C8D2AE2599}.Release|Any CPU.ActiveCfg = Release|Any CPU
		{CA9EAE79-AD19-423F-BCC6-50C8D2AE2599}.Release|Any CPU.Build.0 = Release|Any CPU
	EndGlobalSection
	GlobalSection(SolutionProperties) = preSolution
		HideSolutionNode = FALSE
	EndGlobalSection
	GlobalSection(ExtensibilityGlobals) = postSolution
		SolutionGuid = {EC9AEBE0-76FB-4F77-BA78-8B0D4E65D116}
	EndGlobalSection
EndGlobal
